
Microsoft Visual Studio Solution File, Format Version 12.00
# Visual Studio Version 17
VisualStudioVersion = 17.14.36414.22 d17.14
MinimumVisualStudioVersion = 10.0.40219.1
Project("{FAE04EC0-301F-11D3-BF4B-00C04F79EFBC}") = "BaiTap4WindowsFrom", "BaiTap4WindowsFrom\BaiTap4WindowsFrom.csproj", "{EA3332F2-B829-4E75-9B69-FC2C49F8C187}"
EndProject
Global
	GlobalSection(SolutionConfigurationPlatforms) = preSolution
		Debug|Any CPU = Debug|Any CPU
		Release|Any CPU = Release|Any CPU
	EndGlobalSection
	GlobalSection(ProjectConfigurationPlatforms) = postSolution
		{EA3332F2-B829-4E75-9B69-FC2C49F8C187}.Debug|Any CPU.ActiveCfg = Debug|Any CPU
		{EA3332F2-B829-4E75-9B69-FC2C49F8C187}.Debug|Any CPU.Build.0 = Debug|Any CPU
		{EA3332F2-B829-4E75-9B69-FC2C49F8C187}.Release|Any CPU.ActiveCfg = Release|Any CPU
		{EA3332F2-B829-4E75-9B69-FC2C49F8C187}.Release|Any CPU.Build.0 = Release|Any CPU
	EndGlobalSection
	GlobalSection(SolutionProperties) = preSolution
		HideSolutionNode = FALSE
	EndGlobalSection
	GlobalSection(ExtensibilityGlobals) = postSolution
		SolutionGuid = {75AF1473-9124-4A14-9F10-A7C260F3C489}
	EndGlobalSection
EndGlobal
